{
  "nodes": {
    "buaa-login": {
      "inputs": {
        "nixpkgs": [
          "nixpkgs"
        ]
      },
      "locked": {
        "lastModified": 1787759733,
        "narHash": "sha256-yRrgmJu7LhrRidwkZICH0+RHu1tM0YmIBsLZuSBntIE=",
        "owner": "tsx8",
        "repo": "buaa-login",
        "rev": "58617535ede94ff9bb37bca1fb7e458d1b9e2c1e",
        "type": "github"
      },
      "original": {
        "owner": "tsx8",
        "repo": "buaa-login",
        "type": "github"
      }
    },
    "bun2nix": {
      "inputs": {
        "flake-parts": [
          "llm-agents",
          "flake-parts"
        ],
        "nixpkgs": [
          "llm-agents",
          "nixpkgs"
        ],
        "systems": [
          "llm-agents",
          "systems"
        ],
        "treefmt-nix": [
          "llm-agents",
          "treefmt-nix"
        ]
      },
      "locked": {
        "lastModified": 1788011267,
        "narHash": "sha256-mEq2kU+ljompTToZ44Afvm7d/rHJ5iMBl0tjZuyShJs=",
        "owner": "Mic92",
        "repo": "bun2nix",
        "rev": "5765b0614591f75ee8ba5596e81ae85c167d1071",
        "type": "github"
      },
      "original": {
        "owner": "Mic92",
        "ref": "fix-structured-attrs-hook",
        "repo": "bun2nix",
        "type": "github"
      }
    },
    "daeuniverse": {
      "inputs": {
        "flake-parts": "flake-parts",
        "nixpkgs": [
          "nixpkgs"
        ]
      },
      "locked": {
        "lastModified": 1789881100,
        "narHash": "sha256-pi4kzWC/B7fAjhupxVdsBPqBfPcAI7q1oWpotJzoamc=",
        "owner": "daeuniverse",
        "repo": "flake.nix",
        "rev": "b4bbb6d4748099afea16b25b31889527e2a9df9e",
        "type": "github"
      },
      "original": {
        "owner": "daeuniverse",
        "repo": "flake.nix",
        "type": "github"
      }
    },
    "devshell": {
      "inputs": {
        "nixpkgs": [
          "mcp-nixos",
          "nixpkgs"
        ]
      },
      "locked": {
        "lastModified": 1768818222,
        "narHash": "sha256-460jc0+CZfyaO8+w8JNtlClB2n4ui1RbHfPTLkpwhU8=",
        "owner": "numtide",
        "repo": "devshell",
        "rev": "255a2b1725a20d060f566e4755dbf571bbbb5f76",
        "type": "github"
      },
      "original": {
        "owner": "numtide",
        "repo": "devshell",
        "type": "github"
      }
    },
    "disko": {
      "inputs": {
        "nixpkgs": [
          "nixpkgs"
        ]
      },
      "locked": {
        "lastModified": 1789770686,
        "narHash": "sha256-uZkBR7yHdIKUFB5SZdfgh1qkGfI3XmYmI/lTiquxbck=",
        "owner": "nix-community",
        "repo": "disko",
        "rev": "725ea35e410ad83be4931d1bff7e090eacaf3563",
        "type": "github"
      },
      "original": {
        "owner": "nix-community",
        "repo": "disko",
        "type": "github"
      }
    },
    "flake-parts": {
      "inputs": {
        "nixpkgs-lib": "nixpkgs-lib"
      },
      "locked": {
        "lastModified": 1775087534,
        "narHash": "sha256-91qqW8lhL7TLwgQWijoGBbiD4t7/q75KTi8NxjVmSmA=",
        "owner": "hercules-ci",
        "repo": "flake-parts",
        "rev": "3107b77cd68437b9a76194f0f7f9c55f2329ca5b",
        "type": "github"
      },
      "original": {
        "owner": "hercules-ci",
        "repo": "flake-parts",
        "type": "github"
      }
    },
    "flake-parts_2": {
      "inputs": {
        "nixpkgs-lib": [
          "nixpkgs"
        ]
      },
      "locked": {
        "lastModified": 1788450739,
        "narHash": "sha256-glZLQlzIn1fXH6PazR2iUmTo7kzzyYSshrWhLS9TqCU=",
        "owner": "hercules-ci",
        "repo": "flake-parts",
        "rev": "31729ca8cbdb4fa927b34e5f4353e6a83f39e993",
        "type": "github"
      },
      "original": {
        "owner": "hercules-ci",
        "repo": "flake-parts",
        "type": "github"
      }
    },
    "flake-parts_3": {
      "inputs": {
        "nixpkgs-lib": [
          "llm-agents",
          "nixpkgs"
        ]
      },
      "locked": {
        "lastModified": 1788450739,
        "narHash": "sha256-glZLQlzIn1fXH6PazR2iUmTo7kzzyYSshrWhLS9TqCU=",
        "owner": "hercules-ci",
        "repo": "flake-parts",
        "rev": "31729ca8cbdb4fa927b34e5f4353e6a83f39e993",
        "type": "github"
      },
      "original": {
        "owner": "hercules-ci",
        "repo": "flake-parts",
        "type": "github"
      }
    },
    "flake-parts_4": {
      "inputs": {
        "nixpkgs-lib": "nixpkgs-lib_2"
      },
      "locked": {
        "lastModified": 1767609335,
        "narHash": "sha256-feveD98mQpptwrAEggBQKJTYbvwwglSbOv53uCfH9PY=",
        "owner": "hercules-ci",
        "repo": "flake-parts",
        "rev": "250481aafeb741edfe23d29195671c19b36b6dca",
        "type": "github"
      },
      "original": {
        "owner": "hercules-ci",
        "repo": "flake-parts",
        "type": "github"
      }
    },
    "helium-browser": {
      "inputs": {
        "nixpkgs": [
          "nixpkgs"
        ]
      },
      "locked": {
        "lastModified": 1789820247,
        "narHash": "sha256-CB/ZmtlGbdqHZV8yBBVb4kjyDBlZkocMDAbJgy/L2QU=",
        "owner": "oxcl",
        "repo": "nix-flake-helium-browser",
        "rev": "31b2af977177d347db89d69fac4fe5c44b852007",
        "type": "github"
      },
      "original": {
        "owner": "oxcl",
        "repo": "nix-flake-helium-browser",
        "type": "github"
      }
    },
    "home-manager": {
      "inputs": {
        "nixpkgs": [
          "nixpkgs"
        ]
      },
      "locked": {
        "lastModified": 1789978077,
        "narHash": "sha256-p/e37FfVifxJQJM7OiiVbUXdpj6eXmOJk34TKLKyYe4=",
        "owner": "nix-community",
        "repo": "home-manager",
        "rev": "a26f7158fbc4aa740fcc7fa79a01e1ed29910bc2",
        "type": "github"
      },
      "original": {
        "owner": "nix-community",
        "repo": "home-manager",
        "type": "github"
      }
    },
    "import-tree": {
      "locked": {
        "lastModified": 1788467110,
        "narHash": "sha256-ljEMTXP/rH0tOvDzc9gzwww6KcHRPRnEHzd9lK48V7s=",
        "owner": "denful",
        "repo": "import-tree",
        "rev": "eb1b52eaecc57f7c136d07ae8a93e724dfecac46",
        "type": "github"
      },
      "original": {
        "owner": "denful",
        "repo": "import-tree",
        "type": "github"
      }
    },
    "kami": {
      "flake": false,
      "locked": {
        "lastModified": 1789910477,
        "narHash": "sha256-D8KW+jiGH87OuRfa9rhsToUsGXhFLhUMxvMeCkM6zo8=",
        "owner": "tw93",
        "repo": "kami",
        "rev": "a489e39633d1d6a044047bc9bf4452f7a65bb00a",
        "type": "github"
      },
      "original": {
        "owner": "tw93",
        "repo": "kami",
        "type": "github"
      }
    },
    "llm-agents": {
      "inputs": {
        "bun2nix": "bun2nix",
        "flake-parts": "flake-parts_3",
        "nixpkgs": [
          "nixpkgs"
        ],
        "systems": "systems",
        "treefmt-nix": "treefmt-nix"
      },
      "locked": {
        "lastModified": 1789998255,
        "narHash": "sha256-2KoMd35h7QRN6SjYqhjoAjV1PCuSXMRodEtF7kgrkN4=",
        "owner": "numtide",
        "repo": "llm-agents.nix",
        "rev": "15d9dfb1f95f7fe2aae505e18a7a413c06a4a722",
        "type": "github"
      },
      "original": {
        "owner": "numtide",
        "repo": "llm-agents.nix",
        "type": "github"
      }
    },
    "mcp-nixos": {
      "inputs": {
        "devshell": "devshell",
        "flake-parts": "flake-parts_4",
        "nixpkgs": [
          "nixpkgs"
        ]
      },
      "locked": {
        "lastModified": 1788575406,
        "narHash": "sha256-EjSyb5FcVnZOW0qFbcvxzor/je02duSe/RhJsL5p+14=",
        "owner": "utensils",
        "repo": "mcp-nixos",
        "rev": "6a517811658c21f97bd7703b35546085117fc310",
        "type": "github"
      },
      "original": {
        "owner": "utensils",
        "repo": "mcp-nixos",
        "type": "github"
      }
    },
    "nixpkgs": {
      "locked": {
        "lastModified": 1789921291,
        "narHash": "sha256-Ft/BRnIqw1MywFoXydKobjjWmDFgDdYtSpJliE8+yUw=",
        "owner": "NixOS",
        "repo": "nixpkgs",
        "rev": "44a91898084f46797b5fac650c7e8c9ac38c43d4",
        "type": "github"
      },
      "original": {
        "owner": "NixOS",
        "ref": "nixos-unstable",
        "repo": "nixpkgs",
        "type": "github"
      }
    },
    "nixpkgs-lib": {
      "locked": {
        "lastModified": 1774748309,
        "narHash": "sha256-+U7gF3qxzwD5TZuANzZPeJTZRHS29OFQgkQ2kiTJBIQ=",
        "owner": "nix-community",
        "repo": "nixpkgs.lib",
        "rev": "333c4e0545a6da976206c74db8773a1645b5870a",
        "type": "github"
      },
      "original": {
        "owner": "nix-community",
        "repo": "nixpkgs.lib",
        "type": "github"
      }
    },
    "nixpkgs-lib_2": {
      "locked": {
        "lastModified": 1765674936,
        "narHash": "sha256-k00uTP4JNfmejrCLJOwdObYC9jHRrr/5M/a/8L2EIdo=",
        "owner": "nix-community",
        "repo": "nixpkgs.lib",
        "rev": "2075416fcb47225d9b68ac469a5c4801a9c4dd85",
        "type": "github"
      },
      "original": {
        "owner": "nix-community",
        "repo": "nixpkgs.lib",
        "type": "github"
      }
    },
    "obelisk-skill": {
      "flake": false,
      "locked": {
        "lastModified": 1789401104,
        "narHash": "sha256-28ex5Il8v8C2oiqTHEfJLals9jVRXq9OlLAoFnk5g5U=",
        "owner": "tommy0103",
        "repo": "obelisk-skill",
        "rev": "b164d907a305d20f5d57394fd726f7999a6d0980",
        "type": "github"
      },
      "original": {
        "owner": "tommy0103",
        "repo": "obelisk-skill",
        "type": "github"
      }
    },
    "pi-chrome-use": {
      "flake": false,
      "locked": {
        "lastModified": 1785136131,
        "narHash": "sha256-od6A/++vWEGtFACjXQUcmmjwK7MnMtJh5yw6KbNEkRE=",
        "owner": "citrolabs",
        "repo": "pi-chrome-use",
        "rev": "f9231eaa6fcb41b6754d620d9002e493f08d5782",
        "type": "github"
      },
      "original": {
        "owner": "citrolabs",
        "repo": "pi-chrome-use",
        "type": "github"
      }
    },
    "pi-mcp-adapter": {
      "flake": false,
      "locked": {
        "lastModified": 1789976692,
        "narHash": "sha256-gn6iCTdPuzDJeX4361POWusFZ8BEm3gOyOqKVJ1b59s=",
        "owner": "nicobailon",
        "repo": "pi-mcp-adapter",
        "rev": "d5ca66b99232b092e24d5fecca174f34458e2b7e",
        "type": "github"
      },
      "original": {
        "owner": "nicobailon",
        "repo": "pi-mcp-adapter",
        "type": "github"
      }
    },
    "rime-frost": {
      "flake": false,
      "locked": {
        "lastModified": 1789980560,
        "narHash": "sha256-Wv8C4KcAtBN1EypxEvKU7HZTFTuiJzjq9ileZLGZ+nk=",
        "owner": "gaboolic",
        "repo": "rime-frost",
        "rev": "96310d08da8693e8ac2002634f1820229ceaf520",
        "type": "github"
      },
      "original": {
        "owner": "gaboolic",
        "repo": "rime-frost",
        "type": "github"
      }
    },
    "root": {
      "inputs": {
        "buaa-login": "buaa-login",
        "daeuniverse": "daeuniverse",
        "disko": "disko",
        "flake-parts": "flake-parts_2",
        "helium-browser": "helium-browser",
        "home-manager": "home-manager",
        "import-tree": "import-tree",
        "kami": "kami",
        "llm-agents": "llm-agents",
        "mcp-nixos": "mcp-nixos",
        "nixpkgs": "nixpkgs",
        "obelisk-skill": "obelisk-skill",
        "pi-chrome-use": "pi-chrome-use",
        "pi-mcp-adapter": "pi-mcp-adapter",
        "rime-frost": "rime-frost",
        "simple-live-app": "simple-live-app",
        "sops-nix": "sops-nix",
        "toshy": "toshy",
        "waza": "waza"
      }
    },
    "simple-live-app": {
      "flake": false,
      "locked": {
        "lastModified": 1769152363,
        "narHash": "sha256-JuwF/yvpwD013DsgMS7pCgS8UhiOO+PGNnIDAdBDg/U=",
        "owner": "xiaoyaocz",
        "repo": "dart_simple_live",
        "rev": "ba828e6783b176ea5709fcd09f0eb01dfaceeb51",
        "type": "github"
      },
      "original": {
        "owner": "xiaoyaocz",
        "repo": "dart_simple_live",
        "type": "github"
      }
    },
    "sops-nix": {
      "inputs": {
        "nixpkgs": [
          "nixpkgs"
        ]
      },
      "locked": {
        "lastModified": 1789890976,
        "narHash": "sha256-GKwH3zpy7tartuJMG0Rv/xUsdetG1QLmTVv8UKgJLmA=",
        "owner": "Mic92",
        "repo": "sops-nix",
        "rev": "7214124c20c1542c90deb54af50e2f53ae02711f",
        "type": "github"
      },
      "original": {
        "owner": "Mic92",
        "repo": "sops-nix",
        "type": "github"
      }
    },
    "systems": {
      "locked": {
        "lastModified": 1681028828,
        "narHash": "sha256-Vy1rq5AaRuLzOxct8nz4T6wlgyUR7zLU309k9mBC768=",
        "owner": "nix-systems",
        "repo": "default",
        "rev": "da67096a3b9bf56a91d16901293e51ba5b49a27e",
        "type": "github"
      },
      "original": {
        "owner": "nix-systems",
        "repo": "default",
        "type": "github"
      }
    },
    "toshy": {
      "inputs": {
        "nixpkgs": [
          "nixpkgs"
        ]
      },
      "locked": {
        "lastModified": 1789727698,
        "narHash": "sha256-0LXcXTGL8XbgcOVHZOgzhOFVZS+YPf46qwS/w4tQtxc=",
        "owner": "RedBearAK",
        "repo": "Toshy",
        "rev": "354076728e5009e40fb6aa84a658e0e01b5e8faf",
        "type": "github"
      },
      "original": {
        "owner": "RedBearAK",
        "repo": "Toshy",
        "type": "github"
      }
    },
    "treefmt-nix": {
      "inputs": {
        "nixpkgs": [
          "llm-agents",
          "nixpkgs"
        ]
      },
      "locked": {
        "lastModified": 1786901030,
        "narHash": "sha256-WSFCsDSE5ffgD2MqzkM2CYjeFiKhRF/dJUN8uedb6YE=",
        "owner": "numtide",
        "repo": "treefmt-nix",
        "rev": "27b3b12a8e6375f28ebe122f07d230ca5459bbfa",
        "type": "github"
      },
      "original": {
        "owner": "numtide",
        "repo": "treefmt-nix",
        "type": "github"
      }
    },
    "waza": {
      "flake": false,
      "locked": {
        "lastModified": 1789828753,
        "narHash": "sha256-Q56ZkE6Ed/hdcyJsVfAemPrfJg+cgDJVsxkOWzwVSxU=",
        "owner": "tw93",
        "repo": "waza",
        "rev": "59323dee82b04fa8b9ad97a8ee503ca8aee7eb3c",
        "type": "github"
      },
      "original": {
        "owner": "tw93",
        "repo": "waza",
        "type": "github"
      }
    }
  },
  "root": "root",
  "version": 7
}
