{
  "nodes": {
    "buaa-login": {
      "inputs": {
        "nixpkgs": [
          "nixpkgs"
        ]
      },
      "locked": {
        "lastModified": 1786167305,
        "narHash": "sha256-ss8t/HjXtveNRWOh7TxG75GqLDG0DR1kj+WTy2lwrNo=",
        "owner": "tsx8",
        "repo": "buaa-login",
        "rev": "c6737b10256952ff0c5410e408c11a5965725d52",
        "type": "github"
      },
      "original": {
        "owner": "tsx8",
        "repo": "buaa-login",
        "type": "github"
      }
    },
    "daeuniverse": {
      "inputs": {
        "flake-parts": "flake-parts",
        "nixpkgs": [
          "nixpkgs"
        ]
      },
      "locked": {
        "lastModified": 1785477112,
        "narHash": "sha256-UhNQnme+fe5DfwyTcS0BQThxkdY35JGPIOZ864MwIQA=",
        "owner": "daeuniverse",
        "repo": "flake.nix",
        "rev": "42ece300b6360bab592f13c64ce1987df20475d5",
        "type": "github"
      },
      "original": {
        "owner": "daeuniverse",
        "repo": "flake.nix",
        "type": "github"
      }
    },
    "disko": {
      "inputs": {
        "nixpkgs": [
          "nixpkgs"
        ]
      },
      "locked": {
        "lastModified": 1781152676,
        "narHash": "sha256-RxWs5ND31KzTG7wvMM+PMfUjyNpmIEr999lqNARaM5o=",
        "owner": "nix-community",
        "repo": "disko",
        "rev": "ff8702b4de27f72b4c78573dfb89ec74e36abdf1",
        "type": "github"
      },
      "original": {
        "owner": "nix-community",
        "repo": "disko",
        "type": "github"
      }
    },
    "dsh-nix": {
      "inputs": {
        "home-manager": [
          "home-manager"
        ],
        "nixpkgs": [
          "nixpkgs"
        ]
      },
      "locked": {
        "lastModified": 1787320692,
        "narHash": "sha256-wpACO+7W4QPWXHbsJyAGoL9OqC3J1VH3gCU7pUs8XnA=",
        "owner": "tsx8",
        "repo": "dsh-nix",
        "rev": "35058799c1b8c978500dea586a0c85dd4d662259",
        "type": "github"
      },
      "original": {
        "owner": "tsx8",
        "repo": "dsh-nix",
        "type": "github"
      }
    },
    "flake-parts": {
      "inputs": {
        "nixpkgs-lib": "nixpkgs-lib"
      },
      "locked": {
        "lastModified": 1775087534,
        "narHash": "sha256-91qqW8lhL7TLwgQWijoGBbiD4t7/q75KTi8NxjVmSmA=",
        "owner": "hercules-ci",
        "repo": "flake-parts",
        "rev": "3107b77cd68437b9a76194f0f7f9c55f2329ca5b",
        "type": "github"
      },
      "original": {
        "owner": "hercules-ci",
        "repo": "flake-parts",
        "type": "github"
      }
    },
    "helium-browser": {
      "inputs": {
        "nixpkgs": [
          "nixpkgs"
        ]
      },
      "locked": {
        "lastModified": 1786868845,
        "narHash": "sha256-ktzKyht1QFdcJFu4rOFO5N4XLf2WjZn5v2wbk0LxBCo=",
        "owner": "oxcl",
        "repo": "nix-flake-helium-browser",
        "rev": "5add9c88c877d1bf3bdcaf51688f75249cba27c5",
        "type": "github"
      },
      "original": {
        "owner": "oxcl",
        "repo": "nix-flake-helium-browser",
        "type": "github"
      }
    },
    "home-manager": {
      "inputs": {
        "nixpkgs": [
          "nixpkgs"
        ]
      },
      "locked": {
        "lastModified": 1786719456,
        "narHash": "sha256-B74DLQs/VjlqyhnnX3tguWwghqJHWSJX30TKZuAljIg=",
        "owner": "nix-community",
        "repo": "home-manager",
        "rev": "83b7606dcf44abe3a94b86e8bb2b3355d22e8797",
        "type": "github"
      },
      "original": {
        "owner": "nix-community",
        "repo": "home-manager",
        "type": "github"
      }
    },
    "nixpkgs": {
      "locked": {
        "lastModified": 1786599213,
        "narHash": "sha256-yNJd40f11EzXBjSByCB7IPpeFFAdeoSKKM67dGkfFoU=",
        "owner": "NixOS",
        "repo": "nixpkgs",
        "rev": "0e251e24a4f24e036a084b6b4b2d2491af4167f4",
        "type": "github"
      },
      "original": {
        "owner": "NixOS",
        "ref": "nixos-unstable",
        "repo": "nixpkgs",
        "type": "github"
      }
    },
    "nixpkgs-lib": {
      "locked": {
        "lastModified": 1774748309,
        "narHash": "sha256-+U7gF3qxzwD5TZuANzZPeJTZRHS29OFQgkQ2kiTJBIQ=",
        "owner": "nix-community",
        "repo": "nixpkgs.lib",
        "rev": "333c4e0545a6da976206c74db8773a1645b5870a",
        "type": "github"
      },
      "original": {
        "owner": "nix-community",
        "repo": "nixpkgs.lib",
        "type": "github"
      }
    },
    "rime-frost": {
      "flake": false,
      "locked": {
        "lastModified": 1785745909,
        "narHash": "sha256-XyOX3Vhv1Qa+0WIKrTvtZkG/eFMCa/VuHmX7ZEJxF5c=",
        "owner": "gaboolic",
        "repo": "rime-frost",
        "rev": "2aedeea96c1468c1caa17cea01864419a11a4b26",
        "type": "github"
      },
      "original": {
        "owner": "gaboolic",
        "repo": "rime-frost",
        "type": "github"
      }
    },
    "root": {
      "inputs": {
        "buaa-login": "buaa-login",
        "daeuniverse": "daeuniverse",
        "disko": "disko",
        "dsh-nix": "dsh-nix",
        "helium-browser": "helium-browser",
        "home-manager": "home-manager",
        "nixpkgs": "nixpkgs",
        "rime-frost": "rime-frost",
        "sops-nix": "sops-nix"
      }
    },
    "sops-nix": {
      "inputs": {
        "nixpkgs": [
          "nixpkgs"
        ]
      },
      "locked": {
        "lastModified": 1786629091,
        "narHash": "sha256-gkig4nPi1CWc4Z50GBsjE4ygSE7hMpl/TwID2an2Cck=",
        "owner": "Mic92",
        "repo": "sops-nix",
        "rev": "a8627b21b9107c5711c96b84f32a9a4b3d45295f",
        "type": "github"
      },
      "original": {
        "owner": "Mic92",
        "repo": "sops-nix",
        "type": "github"
      }
    }
  },
  "root": "root",
  "version": 7
}
